
Microsoft Visual Studio Solution File, Format Version 12.00
# Visual Studio Version 17
VisualStudioVersion = 17.5.33502.453
MinimumVisualStudioVersion = 10.0.40219.1
Project("{FAE04EC0-301F-11D3-BF4B-00C04F79EFBC}") = "Hangman", "Hangman\Hangman.csproj", "{C327C79F-62E1-480E-B8B2-8C04E4A8583A}"
EndProject
Global
	GlobalSection(SolutionConfigurationPlatforms) = preSolution
		Debug|Any CPU = Debug|Any CPU
		Release|Any CPU = Release|Any CPU
	EndGlobalSection
	GlobalSection(ProjectConfigurationPlatforms) = postSolution
		{C327C79F-62E1-480E-B8B2-8C04E4A8583A}.Debug|Any CPU.ActiveCfg = Debug|Any CPU
		{C327C79F-62E1-480E-B8B2-8C04E4A8583A}.Debug|Any CPU.Build.0 = Debug|Any CPU
		{C327C79F-62E1-480E-B8B2-8C04E4A8583A}.Release|Any CPU.ActiveCfg = Release|Any CPU
		{C327C79F-62E1-480E-B8B2-8C04E4A8583A}.Release|Any CPU.Build.0 = Release|Any CPU
	EndGlobalSection
	GlobalSection(SolutionProperties) = preSolution
		HideSolutionNode = FALSE
	EndGlobalSection
	GlobalSection(ExtensibilityGlobals) = postSolution
		SolutionGuid = {02E8BBEC-3B37-4BEA-95ED-13F84B502AFE}
	EndGlobalSection
EndGlobal
